{
  "name": "create-jdesk-app",
  "version": "0.1.3",
  "lockfileVersion": 3,
  "requires": true,
  "packages": {
    "": {
      "name": "create-jdesk-app",
      "version": "0.1.3",
      "license": "Apache-2.0",
      "bin": {
        "create-jdesk-app": "index.mjs"
      },
      "engines": {
        "node": ">=18"
      }
    }
  }
}
